<?xml version="1.0" encoding="utf-8"?>
<Project ToolsVersion="4.0" xmlns="http://schemas.microsoft.com/developer/msbuild/2003">
  <ItemGroup>
    <Filter Include="Source Files">
      <UniqueIdentifier>{4FC737F1-C7A5-4376-A066-2A32D752A2FF}</UniqueIdentifier>
      <Extensions>cpp;c;cc;cxx;def;odl;idl;hpj;bat;asm;asmx</Extensions>
    </Filter>
    <Filter Include="Header Files">
      <UniqueIdentifier>{93995380-89BD-4b04-88EB-625FBE52EBFB}</UniqueIdentifier>
      <Extensions>h;hh;hpp;hxx;hm;inl;inc;xsd</Extensions>
    </Filter>
    <Filter Include="Resource Files">
      <UniqueIdentifier>{67DA6AB6-F800-4c08-8B7A-83BB121AAD01}</UniqueIdentifier>
      <Extensions>rc;ico;cur;bmp;dlg;rc2;rct;bin;rgs;gif;jpg;jpeg;jpe;resx;tiff;tif;png;wav</Extensions>
    </Filter>
    <Filter Include="_pch">
      <UniqueIdentifier>{d908d6e3-dc21-4768-9872-f958f7f240b9}</UniqueIdentifier>
    </Filter>
    <Filter Include="Header Files\_boostConfig">
      <UniqueIdentifier>{196e9a70-3d73-4962-bb61-d9497c45f67e}</UniqueIdentifier>
    </Filter>
    <Filter Include="Source Files\primitives">
      <UniqueIdentifier>{3614ce01-96d5-4523-a863-c2c19190d31f}</UniqueIdentifier>
    </Filter>
    <Filter Include="Source Files\tests">
      <UniqueIdentifier>{27021d56-26c4-47f7-aac7-71b2f435583f}</UniqueIdentifier>
    </Filter>
    <Filter Include="Source Files\primitives\Windows">
      <UniqueIdentifier>{47fac5a3-efec-4a10-900f-ed42f4bf22c2}</UniqueIdentifier>
    </Filter>
    <Filter Include="Source Files\primitives\Posix">
      <UniqueIdentifier>{bee6698c-4e9a-46b1-880d-78648ad72558}</UniqueIdentifier>
    </Filter>
    <Filter Include="Header Files\_gmock">
      <UniqueIdentifier>{007b6ffb-bc92-4585-ada7-025c6056dd55}</UniqueIdentifier>
    </Filter>
  </ItemGroup>
  <ItemGroup>
    <ClCompile Include="stdafx.cpp">
      <Filter>_pch</Filter>
    </ClCompile>
    <ClCompile Include="..\PosixfyPrimitives.cpp">
      <Filter>Source Files</Filter>
    </ClCompile>
    <ClCompile Include="..\tests\testEvent.cpp">
      <Filter>Source Files\tests</Filter>
    </ClCompile>
    <ClCompile Include="..\tests\testSharedMem.cpp">
      <Filter>Source Files\tests</Filter>
    </ClCompile>
    <ClCompile Include="..\tests\testSystemWideMutex.cpp">
      <Filter>Source Files\tests</Filter>
    </ClCompile>
    <ClCompile Include="..\tests\testProcess.cpp">
      <Filter>Source Files\tests</Filter>
    </ClCompile>
  </ItemGroup>
  <ItemGroup>
    <ClInclude Include="stdafx.h">
      <Filter>_pch</Filter>
    </ClInclude>
    <ClInclude Include="..\..\..\_L\boost\config\user.hpp">
      <Filter>Header Files\_boostConfig</Filter>
    </ClInclude>
    <ClInclude Include="..\src\CTools.h">
      <Filter>Source Files\primitives</Filter>
    </ClInclude>
    <ClInclude Include="..\src\Windows\Event.h">
      <Filter>Source Files\primitives\Windows</Filter>
    </ClInclude>
    <ClInclude Include="..\src\Posix\Event.h">
      <Filter>Source Files\primitives\Posix</Filter>
    </ClInclude>
    <ClInclude Include="..\src\Windows\SharedMem.h">
      <Filter>Source Files\primitives\Windows</Filter>
    </ClInclude>
    <ClInclude Include="..\src\Posix\SharedMem.h">
      <Filter>Source Files\primitives\Posix</Filter>
    </ClInclude>
    <ClInclude Include="..\src\Windows\SystemWideMutex.h">
      <Filter>Source Files\primitives\Windows</Filter>
    </ClInclude>
    <ClInclude Include="..\src\Posix\SystemWideMutex.h">
      <Filter>Source Files\primitives\Posix</Filter>
    </ClInclude>
    <ClInclude Include="..\src\Windows\Process.h">
      <Filter>Source Files\primitives\Windows</Filter>
    </ClInclude>
    <ClInclude Include="..\src\Posix\Process.h">
      <Filter>Source Files\primitives\Posix</Filter>
    </ClInclude>
    <ClInclude Include="..\src\Private.h">
      <Filter>Header Files</Filter>
    </ClInclude>
    <ClInclude Include="..\..\..\_NuGetPackages\gmock.1.11.0\lib\native\include\gtest\gtest.h">
      <Filter>Header Files\_gmock</Filter>
    </ClInclude>
    <ClInclude Include="..\..\..\_NuGetPackages\gmock.1.11.0\lib\native\include\gmock\gmock.h">
      <Filter>Header Files\_gmock</Filter>
    </ClInclude>
  </ItemGroup>
  <ItemGroup>
    <None Include="packages.config" />
  </ItemGroup>
</Project>